# This file is automatically @generated by Cargo.
# It is not intended for manual editing.
[[package]]
name = "test-bin"
version = "0.1.0"
dependencies = [
 "test-pkg",
]

[[package]]
name = "test-pkg"
version = "0.2.0"
source = "registry+https://dl.cloudsmith.io/public/nate-mara/alt-crates/cargo/index.git"
checksum = "12569fb90d49717b1e27a459f725d7aa44ccac696f9754066e124d9bb9c647d6"
